
Microsoft Visual Studio Solution File, Format Version 12.00
# Visual Studio Version 16
VisualStudioVersion = 16.0.29418.71
MinimumVisualStudioVersion = 10.0.40219.1
Project("{FAE04EC0-301F-11D3-BF4B-00C04F79EFBC}") = "MathsForFun", "MathsForFun.csproj", "{81C2BC3E-169B-4FF1-978D-238F15A5EE31}"
EndProject
Global
	GlobalSection(SolutionConfigurationPlatforms) = preSolution
		Debug|Any CPU = Debug|Any CPU
		Release|Any CPU = Release|Any CPU
	EndGlobalSection
	GlobalSection(ProjectConfigurationPlatforms) = postSolution
		{81C2BC3E-169B-4FF1-978D-238F15A5EE31}.Debug|Any CPU.ActiveCfg = Debug|Any CPU
		{81C2BC3E-169B-4FF1-978D-238F15A5EE31}.Debug|Any CPU.Build.0 = Debug|Any CPU
		{81C2BC3E-169B-4FF1-978D-238F15A5EE31}.Release|Any CPU.ActiveCfg = Release|Any CPU
		{81C2BC3E-169B-4FF1-978D-238F15A5EE31}.Release|Any CPU.Build.0 = Release|Any CPU
	EndGlobalSection
	GlobalSection(SolutionProperties) = preSolution
		HideSolutionNode = FALSE
	EndGlobalSection
	GlobalSection(ExtensibilityGlobals) = postSolution
		SolutionGuid = {82D1CD34-D40A-4C60-8EB1-77BA5A3C695B}
	EndGlobalSection
EndGlobal
